
Microsoft Visual Studio Solution File, Format Version 12.00
# Visual Studio Version 17
VisualStudioVersion = 17.7.34221.43
MinimumVisualStudioVersion = 10.0.40219.1
Project("{FAE04EC0-301F-11D3-BF4B-00C04F79EFBC}") = "OpenGL Breakout", "OpenGL Breakout\OpenGL Breakout.csproj", "{661CD617-89D4-4CD4-A842-15A1CD611EEB}"
EndProject
Global
	GlobalSection(SolutionConfigurationPlatforms) = preSolution
		Debug|Any CPU = Debug|Any CPU
		Release|Any CPU = Release|Any CPU
	EndGlobalSection
	GlobalSection(ProjectConfigurationPlatforms) = postSolution
		{661CD617-89D4-4CD4-A842-15A1CD611EEB}.Debug|Any CPU.ActiveCfg = Debug|Any CPU
		{661CD617-89D4-4CD4-A842-15A1CD611EEB}.Debug|Any CPU.Build.0 = Debug|Any CPU
		{661CD617-89D4-4CD4-A842-15A1CD611EEB}.Release|Any CPU.ActiveCfg = Release|Any CPU
		{661CD617-89D4-4CD4-A842-15A1CD611EEB}.Release|Any CPU.Build.0 = Release|Any CPU
	EndGlobalSection
	GlobalSection(SolutionProperties) = preSolution
		HideSolutionNode = FALSE
	EndGlobalSection
	GlobalSection(ExtensibilityGlobals) = postSolution
		SolutionGuid = {8A100AD5-10EC-499F-A364-ED3BA29B0B42}
	EndGlobalSection
EndGlobal
